
Microsoft Visual Studio Solution File, Format Version 12.00
# Visual Studio Version 17
VisualStudioVersion = 17.8.34330.188
MinimumVisualStudioVersion = 10.0.40219.1
Project("{9A19103F-16F7-4668-BE54-9A1E7A4F7556}") = "HKW.FastMember", "HKW.FastMember\HKW.FastMember.csproj", "{F763DA71-B63D-4393-8C92-62690831FF58}"
EndProject
Project("{2150E333-8FDC-42A3-9474-1A3956D46DE8}") = "Solution Items", "Solution Items", "{02EA681E-C7D8-13C7-8484-4AC65E1B71E8}"
	ProjectSection(SolutionItems) = preProject
		.editorconfig = .editorconfig
	EndProjectSection
EndProject
Project("{FAE04EC0-301F-11D3-BF4B-00C04F79EFBC}") = "HKW.FastMemberTests", "HKW.FastMemberTests\HKW.FastMemberTests.csproj", "{DD68AEB4-B46D-4981-BAD3-6EA4E76B67C8}"
EndProject
Global
	GlobalSection(SolutionConfigurationPlatforms) = preSolution
		Debug|Any CPU = Debug|Any CPU
		Debug|x64 = Debug|x64
		Debug|x86 = Debug|x86
		Release|Any CPU = Release|Any CPU
		Release|x64 = Release|x64
		Release|x86 = Release|x86
	EndGlobalSection
	GlobalSection(ProjectConfigurationPlatforms) = postSolution
		{F763DA71-B63D-4393-8C92-62690831FF58}.Debug|Any CPU.ActiveCfg = Debug|Any CPU
		{F763DA71-B63D-4393-8C92-62690831FF58}.Debug|Any CPU.Build.0 = Debug|Any CPU
		{F763DA71-B63D-4393-8C92-62690831FF58}.Debug|x64.ActiveCfg = Debug|Any CPU
		{F763DA71-B63D-4393-8C92-62690831FF58}.Debug|x64.Build.0 = Debug|Any CPU
		{F763DA71-B63D-4393-8C92-62690831FF58}.Debug|x86.ActiveCfg = Debug|Any CPU
		{F763DA71-B63D-4393-8C92-62690831FF58}.Debug|x86.Build.0 = Debug|Any CPU
		{F763DA71-B63D-4393-8C92-62690831FF58}.Release|Any CPU.ActiveCfg = Release|Any CPU
		{F763DA71-B63D-4393-8C92-62690831FF58}.Release|Any CPU.Build.0 = Release|Any CPU
		{F763DA71-B63D-4393-8C92-62690831FF58}.Release|x64.ActiveCfg = Release|Any CPU
		{F763DA71-B63D-4393-8C92-62690831FF58}.Release|x64.Build.0 = Release|Any CPU
		{F763DA71-B63D-4393-8C92-62690831FF58}.Release|x86.ActiveCfg = Release|Any CPU
		{F763DA71-B63D-4393-8C92-62690831FF58}.Release|x86.Build.0 = Release|Any CPU
		{DD68AEB4-B46D-4981-BAD3-6EA4E76B67C8}.Debug|Any CPU.ActiveCfg = Debug|Any CPU
		{DD68AEB4-B46D-4981-BAD3-6EA4E76B67C8}.Debug|Any CPU.Build.0 = Debug|Any CPU
		{DD68AEB4-B46D-4981-BAD3-6EA4E76B67C8}.Debug|x64.ActiveCfg = Debug|Any CPU
		{DD68AEB4-B46D-4981-BAD3-6EA4E76B67C8}.Debug|x64.Build.0 = Debug|Any CPU
		{DD68AEB4-B46D-4981-BAD3-6EA4E76B67C8}.Debug|x86.ActiveCfg = Debug|Any CPU
		{DD68AEB4-B46D-4981-BAD3-6EA4E76B67C8}.Debug|x86.Build.0 = Debug|Any CPU
		{DD68AEB4-B46D-4981-BAD3-6EA4E76B67C8}.Release|Any CPU.ActiveCfg = Release|Any CPU
		{DD68AEB4-B46D-4981-BAD3-6EA4E76B67C8}.Release|Any CPU.Build.0 = Release|Any CPU
		{DD68AEB4-B46D-4981-BAD3-6EA4E76B67C8}.Release|x64.ActiveCfg = Release|Any CPU
		{DD68AEB4-B46D-4981-BAD3-6EA4E76B67C8}.Release|x64.Build.0 = Release|Any CPU
		{DD68AEB4-B46D-4981-BAD3-6EA4E76B67C8}.Release|x86.ActiveCfg = Release|Any CPU
		{DD68AEB4-B46D-4981-BAD3-6EA4E76B67C8}.Release|x86.Build.0 = Release|Any CPU
	EndGlobalSection
	GlobalSection(SolutionProperties) = preSolution
		HideSolutionNode = FALSE
	EndGlobalSection
	GlobalSection(ExtensibilityGlobals) = postSolution
		SolutionGuid = {CDA19110-5C13-4E4E-972E-4E311E1C9D9C}
	EndGlobalSection
EndGlobal
